
Microsoft Visual Studio Solution File, Format Version 12.00
# Visual Studio Version 16
VisualStudioVersion = 16.0.30717.126
MinimumVisualStudioVersion = 10.0.40219.1
Project("{8BC9CEB8-8B4A-11D0-8D11-00A0C91BC942}") = "Д1", "Д1\Д1.vcxproj", "{18585DEC-CB9A-414A-96C5-E92EDB998466}"
EndProject
Global
	GlobalSection(SolutionConfigurationPlatforms) = preSolution
		Debug|x64 = Debug|x64
		Debug|x86 = Debug|x86
		Release|x64 = Release|x64
		Release|x86 = Release|x86
	EndGlobalSection
	GlobalSection(ProjectConfigurationPlatforms) = postSolution
		{18585DEC-CB9A-414A-96C5-E92EDB998466}.Debug|x64.ActiveCfg = Debug|x64
		{18585DEC-CB9A-414A-96C5-E92EDB998466}.Debug|x64.Build.0 = Debug|x64
		{18585DEC-CB9A-414A-96C5-E92EDB998466}.Debug|x86.ActiveCfg = Debug|Win32
		{18585DEC-CB9A-414A-96C5-E92EDB998466}.Debug|x86.Build.0 = Debug|Win32
		{18585DEC-CB9A-414A-96C5-E92EDB998466}.Release|x64.ActiveCfg = Release|x64
		{18585DEC-CB9A-414A-96C5-E92EDB998466}.Release|x64.Build.0 = Release|x64
		{18585DEC-CB9A-414A-96C5-E92EDB998466}.Release|x86.ActiveCfg = Release|Win32
		{18585DEC-CB9A-414A-96C5-E92EDB998466}.Release|x86.Build.0 = Release|Win32
	EndGlobalSection
	GlobalSection(SolutionProperties) = preSolution
		HideSolutionNode = FALSE
	EndGlobalSection
	GlobalSection(ExtensibilityGlobals) = postSolution
		SolutionGuid = {A33A6B06-17E1-4C18-A1A4-743447F514CF}
	EndGlobalSection
EndGlobal
